# THIS IS AN AUTOGENERATED FILE. DO NOT EDIT THIS FILE DIRECTLY.
# yarn lockfile v1


dotenv@^10.0.0:
  version "10.0.0"
  resolved "https://registry.yarnpkg.com/dotenv/-/dotenv-10.0.0.tgz#3d4227b8fb95f81096cdd2b66653fb2c7085ba81"
  integrity sha512-rlBi9d8jpv9Sf1klPjNfFAuWDjKLwTIJJ/VxtoTwIR6hnZxcEOQCZg2oIL3MWBYw5GpUDKOEnND7LXTbIpQ03Q==

eris@^0.15.1:
  version "0.15.1"
  resolved "https://registry.yarnpkg.com/eris/-/eris-0.15.1.tgz#6b44e6d4675c271def7484725a0edede9e798960"
  integrity sha512-IQ3BPW6OjgFoqjdh+irPOa1jFlkotk+WNu2GQQ7QAQfbzQEPZgn+F+hpOxfMUXPHOZMX4sPKLkVDkMHAssBYhw==
  dependencies:
    ws "^7.2.1"
  optionalDependencies:
    opusscript "^0.0.8"
    tweetnacl "^1.0.1"

opusscript@^0.0.8:
  version "0.0.8"
  resolved "https://registry.yarnpkg.com/opusscript/-/opusscript-0.0.8.tgz#00b49e81281b4d99092d013b1812af8654bd0a87"
  integrity sha512-VSTi1aWFuCkRCVq+tx/BQ5q9fMnQ9pVZ3JU4UHKqTkf0ED3fKEPdr+gKAAl3IA2hj9rrP6iyq3hlcJq3HELtNQ==

rcon-client@^4.2.3:
  version "4.2.3"
  resolved "https://registry.yarnpkg.com/rcon-client/-/rcon-client-4.2.3.tgz#75b154c42099788e9f8b413454f78a4b22d8a9e2"
  integrity sha512-g+DEzI3O0Nl4Y3mPp6DHhSpYeiv+wTq8iKxCumFGO0/SMCsdNfx9bpT5RyHa7phR5dvspKfQK0ZYJp1YCtXNng==
  dependencies:
    typed-emitter "^0.1.0"

tail@^2.2.4:
  version "2.2.4"
  resolved "https://registry.yarnpkg.com/tail/-/tail-2.2.4.tgz#90dd4c5a174a3fa39dcb65a1df1950a4a0093a41"
  integrity sha512-PX8klSxW1u3SdgDrDeewh5GNE+hkJ4h02JvHfV6YrHqWOVJ88nUdSQqtsUf/gWhgZlPAws3fiZ+F1f8euspcuQ==

tweetnacl@^1.0.1:
  version "1.0.3"
  resolved "https://registry.yarnpkg.com/tweetnacl/-/tweetnacl-1.0.3.tgz#ac0af71680458d8a6378d0d0d050ab1407d35596"
  integrity sha512-6rt+RN7aOi1nGMyC4Xa5DdYiukl2UWCbcJft7YhxReBGQD7OAM8Pbxw6YMo4r2diNEA8FEmu32YOn9rhaiE5yw==

typed-emitter@^0.1.0:
  version "0.1.0"
  resolved "https://registry.yarnpkg.com/typed-emitter/-/typed-emitter-0.1.0.tgz#ca532f100ccbf850e3a73b8ebf43d43e4f1f3849"
  integrity sha512-Tfay0l6gJMP5rkil8CzGbLthukn+9BN/VXWcABVFPjOoelJ+koW8BuPZYk+h/L+lEeIp1fSzVRiWRPIjKVjPdg==

ws@^7.2.1:
  version "7.5.5"
  resolved "https://registry.yarnpkg.com/ws/-/ws-7.5.5.tgz#8b4bc4af518cfabd0473ae4f99144287b33eb881"
  integrity sha512-BAkMFcAzl8as1G/hArkxOxq3G7pjUqQ3gzYbLL0/5zNkph70e+lCoxBGnm6AW1+/aiNeV4fnKqZ8m4GZewmH2w==
